
Microsoft Visual Studio Solution File, Format Version 12.00
# Visual Studio Version 16
VisualStudioVersion = 16.0.30711.63
MinimumVisualStudioVersion = 10.0.40219.1
Project("{F184B08F-C81C-45F6-A57F-5ABD9991F28F}") = "Booklist", "Booklist.vbproj", "{079504E2-F86F-4E63-8E9E-8D2AB8E7FA66}"
EndProject
Global
	GlobalSection(SolutionConfigurationPlatforms) = preSolution
		Debug|Any CPU = Debug|Any CPU
		Release|Any CPU = Release|Any CPU
	EndGlobalSection
	GlobalSection(ProjectConfigurationPlatforms) = postSolution
		{079504E2-F86F-4E63-8E9E-8D2AB8E7FA66}.Debug|Any CPU.ActiveCfg = Debug|Any CPU
		{079504E2-F86F-4E63-8E9E-8D2AB8E7FA66}.Debug|Any CPU.Build.0 = Debug|Any CPU
		{079504E2-F86F-4E63-8E9E-8D2AB8E7FA66}.Release|Any CPU.ActiveCfg = Release|Any CPU
		{079504E2-F86F-4E63-8E9E-8D2AB8E7FA66}.Release|Any CPU.Build.0 = Release|Any CPU
	EndGlobalSection
	GlobalSection(SolutionProperties) = preSolution
		HideSolutionNode = FALSE
	EndGlobalSection
	GlobalSection(ExtensibilityGlobals) = postSolution
		SolutionGuid = {55A2FDFF-AA38-4D7A-9735-2283D668F1DD}
	EndGlobalSection
EndGlobal
